
Microsoft Visual Studio Solution File, Format Version 12.00
# Visual Studio 14
VisualStudioVersion = 14.0.25123.0
MinimumVisualStudioVersion = 10.0.40219.1
Project("{2150E333-8FDC-42A3-9474-1A3956D46DE8}") = "Common", "Common", "{392A3695-CF05-45EE-BD73-093B37314B4E}"
EndProject
Project("{2150E333-8FDC-42A3-9474-1A3956D46DE8}") = "Modules", "Modules", "{AFFAE245-8642-4E25-B7BD-2B3C190F21F1}"
EndProject
Project("{FAE04EC0-301F-11D3-BF4B-00C04F79EFBC}") = "Gijima.IOBM.Shell", "Gijima.IOBM.Shell\Gijima.IOBM.Shell.csproj", "{78FC7590-AD26-4B25-B0C8-E66F54DCA4A0}"
EndProject
Project("{FAE04EC0-301F-11D3-BF4B-00C04F79EFBC}") = "Gijima.IOBM.Infrastructure", "Gijima.IOBM.Infrastructure\Gijima.IOBM.Infrastructure.csproj", "{55B7D4D2-9F8D-4C92-9FEA-97F5F58DED4A}"
EndProject
Project("{2150E333-8FDC-42A3-9474-1A3956D46DE8}") = "Model", "Model", "{A8064F1D-AA26-4146-83EC-B872D7AA7FEF}"
EndProject
Project("{2150E333-8FDC-42A3-9474-1A3956D46DE8}") = "Common", "Common", "{CA9332EF-0EBE-4F15-8772-11F43BE9B65B}"
EndProject
Project("{2150E333-8FDC-42A3-9474-1A3956D46DE8}") = "MobileManager", "MobileManager", "{6D68095A-253B-435B-BF04-1F95D0C47DBD}"
EndProject
Project("{FAE04EC0-301F-11D3-BF4B-00C04F79EFBC}") = "Gijima.IOBM.MobileManager", "Modules\MobileManager\Gijima.IOBM.MobileManager.csproj", "{F39C77BA-7511-4F5A-8153-C0B5EA7A59C5}"
EndProject
Project("{FAE04EC0-301F-11D3-BF4B-00C04F79EFBC}") = "Gijima.IOBM.MobileManager.Common", "Modules\MobileManager\Common\Gijima.IOBM.MobileManager.Common\Gijima.IOBM.MobileManager.Common.csproj", "{C8918BB0-9EFB-4158-809B-4B374509F66B}"
EndProject
Project("{FAE04EC0-301F-11D3-BF4B-00C04F79EFBC}") = "Gijima.IOBM.MobileManager.Model", "Modules\MobileManager\Model\Gijima.IOBM.MobileManager.Model\Gijima.IOBM.MobileManager.Model.csproj", "{81BD54B6-C1A3-417E-B8AB-51451197717A}"
EndProject
Project("{FAE04EC0-301F-11D3-BF4B-00C04F79EFBC}") = "Gijima.IOBM.Security", "Gijima.IOBM.Security\Gijima.IOBM.Security.csproj", "{0423C0AE-6F7C-491F-B918-E46E9AEC6FC6}"
EndProject
Project("{FAE04EC0-301F-11D3-BF4B-00C04F79EFBC}") = "Gijima.Controls.WPF", "Gijima.Controls.WPF\Gijima.Controls.WPF.csproj", "{B0A5BFE3-EC00-490C-A6A7-8691C9D5AF1B}"
EndProject
Project("{FAE04EC0-301F-11D3-BF4B-00C04F79EFBC}") = "Gijima.IOBM.Model", "Gijima.IOBM.Model\Gijima.IOBM.Model.csproj", "{68F8A3C2-FA68-4F34-8B8F-3DCF6F04A136}"
EndProject
Project("{FAE04EC0-301F-11D3-BF4B-00C04F79EFBC}") = "Gijima.IOBM.MobileManager.Security", "Gijima.IOBM.MobileManager.Security\Gijima.IOBM.MobileManager.Security.csproj", "{7177E3E6-4EF6-4B78-A0C9-CD926ED0FE8B}"
EndProject
Project("{2150E333-8FDC-42A3-9474-1A3956D46DE8}") = "Model", "Model", "{7FC615DB-2379-4D59-8288-A4D5676C4210}"
EndProject
Project("{FAE04EC0-301F-11D3-BF4B-00C04F79EFBC}") = "Gijima.DataImport.MSOffice", "Gijima.DataImport.MSOffice\Gijima.DataImport.MSOffice.csproj", "{757A257E-1E48-431B-B0C9-F5F0A93A2B07}"
EndProject
Global
	GlobalSection(SolutionConfigurationPlatforms) = preSolution
		Debug|Any CPU = Debug|Any CPU
		Release|Any CPU = Release|Any CPU
	EndGlobalSection
	GlobalSection(ProjectConfigurationPlatforms) = postSolution
		{78FC7590-AD26-4B25-B0C8-E66F54DCA4A0}.Debug|Any CPU.ActiveCfg = Debug|Any CPU
		{78FC7590-AD26-4B25-B0C8-E66F54DCA4A0}.Debug|Any CPU.Build.0 = Debug|Any CPU
		{78FC7590-AD26-4B25-B0C8-E66F54DCA4A0}.Release|Any CPU.ActiveCfg = Release|Any CPU
		{78FC7590-AD26-4B25-B0C8-E66F54DCA4A0}.Release|Any CPU.Build.0 = Release|Any CPU
		{55B7D4D2-9F8D-4C92-9FEA-97F5F58DED4A}.Debug|Any CPU.ActiveCfg = Debug|Any CPU
		{55B7D4D2-9F8D-4C92-9FEA-97F5F58DED4A}.Debug|Any CPU.Build.0 = Debug|Any CPU
		{55B7D4D2-9F8D-4C92-9FEA-97F5F58DED4A}.Release|Any CPU.ActiveCfg = Release|Any CPU
		{55B7D4D2-9F8D-4C92-9FEA-97F5F58DED4A}.Release|Any CPU.Build.0 = Release|Any CPU
		{F39C77BA-7511-4F5A-8153-C0B5EA7A59C5}.Debug|Any CPU.ActiveCfg = Debug|Any CPU
		{F39C77BA-7511-4F5A-8153-C0B5EA7A59C5}.Debug|Any CPU.Build.0 = Debug|Any CPU
		{F39C77BA-7511-4F5A-8153-C0B5EA7A59C5}.Release|Any CPU.ActiveCfg = Release|Any CPU
		{F39C77BA-7511-4F5A-8153-C0B5EA7A59C5}.Release|Any CPU.Build.0 = Release|Any CPU
		{C8918BB0-9EFB-4158-809B-4B374509F66B}.Debug|Any CPU.ActiveCfg = Debug|Any CPU
		{C8918BB0-9EFB-4158-809B-4B374509F66B}.Debug|Any CPU.Build.0 = Debug|Any CPU
		{C8918BB0-9EFB-4158-809B-4B374509F66B}.Release|Any CPU.ActiveCfg = Release|Any CPU
		{C8918BB0-9EFB-4158-809B-4B374509F66B}.Release|Any CPU.Build.0 = Release|Any CPU
		{81BD54B6-C1A3-417E-B8AB-51451197717A}.Debug|Any CPU.ActiveCfg = Debug|Any CPU
		{81BD54B6-C1A3-417E-B8AB-51451197717A}.Debug|Any CPU.Build.0 = Debug|Any CPU
		{81BD54B6-C1A3-417E-B8AB-51451197717A}.Release|Any CPU.ActiveCfg = Release|Any CPU
		{81BD54B6-C1A3-417E-B8AB-51451197717A}.Release|Any CPU.Build.0 = Release|Any CPU
		{0423C0AE-6F7C-491F-B918-E46E9AEC6FC6}.Debug|Any CPU.ActiveCfg = Debug|Any CPU
		{0423C0AE-6F7C-491F-B918-E46E9AEC6FC6}.Debug|Any CPU.Build.0 = Debug|Any CPU
		{0423C0AE-6F7C-491F-B918-E46E9AEC6FC6}.Release|Any CPU.ActiveCfg = Release|Any CPU
		{0423C0AE-6F7C-491F-B918-E46E9AEC6FC6}.Release|Any CPU.Build.0 = Release|Any CPU
		{B0A5BFE3-EC00-490C-A6A7-8691C9D5AF1B}.Debug|Any CPU.ActiveCfg = Debug|Any CPU
		{B0A5BFE3-EC00-490C-A6A7-8691C9D5AF1B}.Debug|Any CPU.Build.0 = Debug|Any CPU
		{B0A5BFE3-EC00-490C-A6A7-8691C9D5AF1B}.Release|Any CPU.ActiveCfg = Release|Any CPU
		{B0A5BFE3-EC00-490C-A6A7-8691C9D5AF1B}.Release|Any CPU.Build.0 = Release|Any CPU
		{68F8A3C2-FA68-4F34-8B8F-3DCF6F04A136}.Debug|Any CPU.ActiveCfg = Debug|Any CPU
		{68F8A3C2-FA68-4F34-8B8F-3DCF6F04A136}.Debug|Any CPU.Build.0 = Debug|Any CPU
		{68F8A3C2-FA68-4F34-8B8F-3DCF6F04A136}.Release|Any CPU.ActiveCfg = Release|Any CPU
		{68F8A3C2-FA68-4F34-8B8F-3DCF6F04A136}.Release|Any CPU.Build.0 = Release|Any CPU
		{7177E3E6-4EF6-4B78-A0C9-CD926ED0FE8B}.Debug|Any CPU.ActiveCfg = Debug|Any CPU
		{7177E3E6-4EF6-4B78-A0C9-CD926ED0FE8B}.Debug|Any CPU.Build.0 = Debug|Any CPU
		{7177E3E6-4EF6-4B78-A0C9-CD926ED0FE8B}.Release|Any CPU.ActiveCfg = Release|Any CPU
		{7177E3E6-4EF6-4B78-A0C9-CD926ED0FE8B}.Release|Any CPU.Build.0 = Release|Any CPU
		{757A257E-1E48-431B-B0C9-F5F0A93A2B07}.Debug|Any CPU.ActiveCfg = Debug|Any CPU
		{757A257E-1E48-431B-B0C9-F5F0A93A2B07}.Debug|Any CPU.Build.0 = Debug|Any CPU
		{757A257E-1E48-431B-B0C9-F5F0A93A2B07}.Release|Any CPU.ActiveCfg = Release|Any CPU
		{757A257E-1E48-431B-B0C9-F5F0A93A2B07}.Release|Any CPU.Build.0 = Release|Any CPU
	EndGlobalSection
	GlobalSection(SolutionProperties) = preSolution
		HideSolutionNode = FALSE
	EndGlobalSection
	GlobalSection(NestedProjects) = preSolution
		{55B7D4D2-9F8D-4C92-9FEA-97F5F58DED4A} = {392A3695-CF05-45EE-BD73-093B37314B4E}
		{A8064F1D-AA26-4146-83EC-B872D7AA7FEF} = {6D68095A-253B-435B-BF04-1F95D0C47DBD}
		{CA9332EF-0EBE-4F15-8772-11F43BE9B65B} = {6D68095A-253B-435B-BF04-1F95D0C47DBD}
		{6D68095A-253B-435B-BF04-1F95D0C47DBD} = {AFFAE245-8642-4E25-B7BD-2B3C190F21F1}
		{F39C77BA-7511-4F5A-8153-C0B5EA7A59C5} = {6D68095A-253B-435B-BF04-1F95D0C47DBD}
		{C8918BB0-9EFB-4158-809B-4B374509F66B} = {CA9332EF-0EBE-4F15-8772-11F43BE9B65B}
		{81BD54B6-C1A3-417E-B8AB-51451197717A} = {A8064F1D-AA26-4146-83EC-B872D7AA7FEF}
		{0423C0AE-6F7C-491F-B918-E46E9AEC6FC6} = {392A3695-CF05-45EE-BD73-093B37314B4E}
		{B0A5BFE3-EC00-490C-A6A7-8691C9D5AF1B} = {392A3695-CF05-45EE-BD73-093B37314B4E}
		{68F8A3C2-FA68-4F34-8B8F-3DCF6F04A136} = {7FC615DB-2379-4D59-8288-A4D5676C4210}
		{7177E3E6-4EF6-4B78-A0C9-CD926ED0FE8B} = {CA9332EF-0EBE-4F15-8772-11F43BE9B65B}
		{757A257E-1E48-431B-B0C9-F5F0A93A2B07} = {392A3695-CF05-45EE-BD73-093B37314B4E}
	EndGlobalSection
	GlobalSection(TeamFoundationVersionControl) = preSolution
		SccNumberOfProjects = 11
		SccEnterpriseProvider = {4CA58AB2-18FA-4F8D-95D4-32DDF27D184C}
		SccTeamFoundationServer = https://visualsolutions-sa.visualstudio.com/
		SccProjectUniqueName0 = Gijima.Controls.WPF\\Gijima.Controls.WPF.csproj
		SccProjectTopLevelParentUniqueName0 = Integrated\u0020Operations\u0020Billing\u0020Manager.sln
		SccProjectName0 = Gijima.Controls.WPF
		SccLocalPath0 = Gijima.Controls.WPF
		SccLocalPath1 = .
		SccProjectUniqueName2 = Gijima.DataImport.MSOffice\\Gijima.DataImport.MSOffice.csproj
		SccProjectTopLevelParentUniqueName2 = Integrated\u0020Operations\u0020Billing\u0020Manager.sln
		SccProjectName2 = Gijima.DataImport.MSOffice
		SccLocalPath2 = Gijima.DataImport.MSOffice
		SccProjectUniqueName3 = Gijima.IOBM.Infrastructure\\Gijima.IOBM.Infrastructure.csproj
		SccProjectTopLevelParentUniqueName3 = Integrated\u0020Operations\u0020Billing\u0020Manager.sln
		SccProjectName3 = Gijima.IOBM.Infrastructure
		SccLocalPath3 = Gijima.IOBM.Infrastructure
		SccProjectUniqueName4 = Gijima.IOBM.MobileManager.Security\\Gijima.IOBM.MobileManager.Security.csproj
		SccProjectTopLevelParentUniqueName4 = Integrated\u0020Operations\u0020Billing\u0020Manager.sln
		SccProjectName4 = Gijima.IOBM.MobileManager.Security
		SccLocalPath4 = Gijima.IOBM.MobileManager.Security
		SccProjectUniqueName5 = Gijima.IOBM.Model\\Gijima.IOBM.Model.csproj
		SccProjectTopLevelParentUniqueName5 = Integrated\u0020Operations\u0020Billing\u0020Manager.sln
		SccProjectName5 = Gijima.IOBM.Model
		SccLocalPath5 = Gijima.IOBM.Model
		SccProjectUniqueName6 = Gijima.IOBM.Security\\Gijima.IOBM.Security.csproj
		SccProjectTopLevelParentUniqueName6 = Integrated\u0020Operations\u0020Billing\u0020Manager.sln
		SccProjectName6 = Gijima.IOBM.Security
		SccLocalPath6 = Gijima.IOBM.Security
		SccProjectUniqueName7 = Gijima.IOBM.Shell\\Gijima.IOBM.Shell.csproj
		SccProjectName7 = Gijima.IOBM.Shell
		SccLocalPath7 = Gijima.IOBM.Shell
		SccProjectUniqueName8 = Modules\\MobileManager\\Common\\Gijima.IOBM.MobileManager.Common\\Gijima.IOBM.MobileManager.Common.csproj
		SccProjectTopLevelParentUniqueName8 = Integrated\u0020Operations\u0020Billing\u0020Manager.sln
		SccProjectName8 = Modules/MobileManager/Common/Gijima.IOBM.MobileManager.Common
		SccLocalPath8 = Modules\\MobileManager\\Common\\Gijima.IOBM.MobileManager.Common
		SccProjectUniqueName9 = Modules\\MobileManager\\Gijima.IOBM.MobileManager.csproj
		SccProjectTopLevelParentUniqueName9 = Integrated\u0020Operations\u0020Billing\u0020Manager.sln
		SccProjectName9 = Modules/MobileManager
		SccLocalPath9 = Modules\\MobileManager
		SccProjectUniqueName10 = Modules\\MobileManager\\Model\\Gijima.IOBM.MobileManager.Model\\Gijima.IOBM.MobileManager.Model.csproj
		SccProjectTopLevelParentUniqueName10 = Integrated\u0020Operations\u0020Billing\u0020Manager.sln
		SccProjectName10 = Modules/MobileManager/Model/Gijima.IOBM.MobileManager.Model
		SccLocalPath10 = Modules\\MobileManager\\Model\\Gijima.IOBM.MobileManager.Model
	EndGlobalSection
EndGlobal
